
Microsoft Visual Studio Solution File, Format Version 12.00
# Visual Studio 15
VisualStudioVersion = 15.0.27130.2027
MinimumVisualStudioVersion = 10.0.40219.1
Project("{FAE04EC0-301F-11D3-BF4B-00C04F79EFBC}") = "Files_DatabaseFP", "Files_DatabaseFP\Files_DatabaseFP.csproj", "{AC535167-C526-4BD1-805B-0562450121D3}"
EndProject
Global
	GlobalSection(SolutionConfigurationPlatforms) = preSolution
		Debug|Any CPU = Debug|Any CPU
		Release|Any CPU = Release|Any CPU
	EndGlobalSection
	GlobalSection(ProjectConfigurationPlatforms) = postSolution
		{AC535167-C526-4BD1-805B-0562450121D3}.Debug|Any CPU.ActiveCfg = Debug|Any CPU
		{AC535167-C526-4BD1-805B-0562450121D3}.Debug|Any CPU.Build.0 = Debug|Any CPU
		{AC535167-C526-4BD1-805B-0562450121D3}.Release|Any CPU.ActiveCfg = Release|Any CPU
		{AC535167-C526-4BD1-805B-0562450121D3}.Release|Any CPU.Build.0 = Release|Any CPU
	EndGlobalSection
	GlobalSection(SolutionProperties) = preSolution
		HideSolutionNode = FALSE
	EndGlobalSection
	GlobalSection(ExtensibilityGlobals) = postSolution
		SolutionGuid = {52B3103F-362C-4170-BB00-123B04F5C17F}
	EndGlobalSection
EndGlobal
